
Microsoft Visual Studio Solution File, Format Version 12.00
# Visual Studio 15
VisualStudioVersion = 15.0.27130.2024
MinimumVisualStudioVersion = 10.0.40219.1
Project("{FAE04EC0-301F-11D3-BF4B-00C04F79EFBC}") = "AuthApp", "AuthApp\AuthApp.csproj", "{89728633-FEE2-45AD-8396-506F5F9C0394}"
EndProject
Global
	GlobalSection(SolutionConfigurationPlatforms) = preSolution
		Debug|Any CPU = Debug|Any CPU
		Release|Any CPU = Release|Any CPU
	EndGlobalSection
	GlobalSection(ProjectConfigurationPlatforms) = postSolution
		{89728633-FEE2-45AD-8396-506F5F9C0394}.Debug|Any CPU.ActiveCfg = Debug|Any CPU
		{89728633-FEE2-45AD-8396-506F5F9C0394}.Debug|Any CPU.Build.0 = Debug|Any CPU
		{89728633-FEE2-45AD-8396-506F5F9C0394}.Release|Any CPU.ActiveCfg = Release|Any CPU
		{89728633-FEE2-45AD-8396-506F5F9C0394}.Release|Any CPU.Build.0 = Release|Any CPU
	EndGlobalSection
	GlobalSection(SolutionProperties) = preSolution
		HideSolutionNode = FALSE
	EndGlobalSection
	GlobalSection(ExtensibilityGlobals) = postSolution
		SolutionGuid = {90D799EF-22AB-487A-8B2A-D98AF89E5215}
	EndGlobalSection
EndGlobal
